
Microsoft Visual Studio Solution File, Format Version 12.00
# Visual Studio 15
VisualStudioVersion = 15.0.26403.7
MinimumVisualStudioVersion = 10.0.40219.1
Project("{FAE04EC0-301F-11D3-BF4B-00C04F79EFBC}") = "PassByReferenceLeoK", "PassByReferenceLeoK\PassByReferenceLeoK.csproj", "{A456BB00-AD90-40B8-AD1D-6E5EB0FA9F89}"
EndProject
Global
	GlobalSection(SolutionConfigurationPlatforms) = preSolution
		Debug|Any CPU = Debug|Any CPU
		Release|Any CPU = Release|Any CPU
	EndGlobalSection
	GlobalSection(ProjectConfigurationPlatforms) = postSolution
		{A456BB00-AD90-40B8-AD1D-6E5EB0FA9F89}.Debug|Any CPU.ActiveCfg = Debug|Any CPU
		{A456BB00-AD90-40B8-AD1D-6E5EB0FA9F89}.Debug|Any CPU.Build.0 = Debug|Any CPU
		{A456BB00-AD90-40B8-AD1D-6E5EB0FA9F89}.Release|Any CPU.ActiveCfg = Release|Any CPU
		{A456BB00-AD90-40B8-AD1D-6E5EB0FA9F89}.Release|Any CPU.Build.0 = Release|Any CPU
	EndGlobalSection
	GlobalSection(SolutionProperties) = preSolution
		HideSolutionNode = FALSE
	EndGlobalSection
EndGlobal
